
Microsoft Visual Studio Solution File, Format Version 12.00
# Visual Studio Version 17
VisualStudioVersion = 17.14.36623.8 d17.14
MinimumVisualStudioVersion = 10.0.40219.1
Project("{FAE04EC0-301F-11D3-BF4B-00C04F79EFBC}") = "ProcessSchedulingSimulatorWinForms", "ProcessSchedulingSimulatorWinForms\ProcessSchedulingSimulatorWinForms.csproj", "{9C4B8712-15A7-40AC-BA4C-FA32759BADA9}"
EndProject
Global
	GlobalSection(SolutionConfigurationPlatforms) = preSolution
		Debug|Any CPU = Debug|Any CPU
		Release|Any CPU = Release|Any CPU
	EndGlobalSection
	GlobalSection(ProjectConfigurationPlatforms) = postSolution
		{9C4B8712-15A7-40AC-BA4C-FA32759BADA9}.Debug|Any CPU.ActiveCfg = Debug|Any CPU
		{9C4B8712-15A7-40AC-BA4C-FA32759BADA9}.Debug|Any CPU.Build.0 = Debug|Any CPU
		{9C4B8712-15A7-40AC-BA4C-FA32759BADA9}.Release|Any CPU.ActiveCfg = Release|Any CPU
		{9C4B8712-15A7-40AC-BA4C-FA32759BADA9}.Release|Any CPU.Build.0 = Release|Any CPU
	EndGlobalSection
	GlobalSection(SolutionProperties) = preSolution
		HideSolutionNode = FALSE
	EndGlobalSection
	GlobalSection(ExtensibilityGlobals) = postSolution
		SolutionGuid = {4FA4336C-F0AF-4785-A0B0-DAE118C78DB4}
	EndGlobalSection
EndGlobal
